
Microsoft Visual Studio Solution File, Format Version 12.00
# Visual Studio Version 17
VisualStudioVersion = 17.3.32825.248
MinimumVisualStudioVersion = 10.0.40219.1
Project("{FAE04EC0-301F-11D3-BF4B-00C04F79EFBC}") = "switch", "switch\switch.csproj", "{ED1913DB-35F1-4137-A5FF-D6A60C08E39E}"
EndProject
Project("{FAE04EC0-301F-11D3-BF4B-00C04F79EFBC}") = "dongu", "dongu\dongu.csproj", "{3F374D0F-5F5A-4609-A9C8-3CB5CE648651}"
EndProject
Global
	GlobalSection(SolutionConfigurationPlatforms) = preSolution
		Debug|Any CPU = Debug|Any CPU
		Release|Any CPU = Release|Any CPU
	EndGlobalSection
	GlobalSection(ProjectConfigurationPlatforms) = postSolution
		{ED1913DB-35F1-4137-A5FF-D6A60C08E39E}.Debug|Any CPU.ActiveCfg = Debug|Any CPU
		{ED1913DB-35F1-4137-A5FF-D6A60C08E39E}.Debug|Any CPU.Build.0 = Debug|Any CPU
		{ED1913DB-35F1-4137-A5FF-D6A60C08E39E}.Release|Any CPU.ActiveCfg = Release|Any CPU
		{ED1913DB-35F1-4137-A5FF-D6A60C08E39E}.Release|Any CPU.Build.0 = Release|Any CPU
		{3F374D0F-5F5A-4609-A9C8-3CB5CE648651}.Debug|Any CPU.ActiveCfg = Debug|Any CPU
		{3F374D0F-5F5A-4609-A9C8-3CB5CE648651}.Debug|Any CPU.Build.0 = Debug|Any CPU
		{3F374D0F-5F5A-4609-A9C8-3CB5CE648651}.Release|Any CPU.ActiveCfg = Release|Any CPU
		{3F374D0F-5F5A-4609-A9C8-3CB5CE648651}.Release|Any CPU.Build.0 = Release|Any CPU
	EndGlobalSection
	GlobalSection(SolutionProperties) = preSolution
		HideSolutionNode = FALSE
	EndGlobalSection
	GlobalSection(ExtensibilityGlobals) = postSolution
		SolutionGuid = {C18B94FC-20EC-4696-875D-70D87ECE166A}
	EndGlobalSection
EndGlobal
