
Microsoft Visual Studio Solution File, Format Version 12.00
# Visual Studio Version 17
VisualStudioVersion = 17.3.32825.248
MinimumVisualStudioVersion = 10.0.40219.1
Project("{FAE04EC0-301F-11D3-BF4B-00C04F79EFBC}") = "haftabirikinciders", "haftabirikinciders\haftabirikinciders.csproj", "{C342968B-E584-42B5-BB9B-C8D0D687E025}"
EndProject
Global
	GlobalSection(SolutionConfigurationPlatforms) = preSolution
		Debug|Any CPU = Debug|Any CPU
		Release|Any CPU = Release|Any CPU
	EndGlobalSection
	GlobalSection(ProjectConfigurationPlatforms) = postSolution
		{C342968B-E584-42B5-BB9B-C8D0D687E025}.Debug|Any CPU.ActiveCfg = Debug|Any CPU
		{C342968B-E584-42B5-BB9B-C8D0D687E025}.Debug|Any CPU.Build.0 = Debug|Any CPU
		{C342968B-E584-42B5-BB9B-C8D0D687E025}.Release|Any CPU.ActiveCfg = Release|Any CPU
		{C342968B-E584-42B5-BB9B-C8D0D687E025}.Release|Any CPU.Build.0 = Release|Any CPU
	EndGlobalSection
	GlobalSection(SolutionProperties) = preSolution
		HideSolutionNode = FALSE
	EndGlobalSection
	GlobalSection(ExtensibilityGlobals) = postSolution
		SolutionGuid = {B5416A45-8EAD-4B83-B55A-AFC08F6977C4}
	EndGlobalSection
EndGlobal
