
Microsoft Visual Studio Solution File, Format Version 12.00
# Visual Studio Version 17
VisualStudioVersion = 17.3.32825.248
MinimumVisualStudioVersion = 10.0.40219.1
Project("{FAE04EC0-301F-11D3-BF4B-00C04F79EFBC}") = "ConsoleApp1", "ConsoleApp1\ConsoleApp1.csproj", "{45C0BA91-72C8-4EC1-9A9C-562F1064E32E}"
EndProject
Global
	GlobalSection(SolutionConfigurationPlatforms) = preSolution
		Debug|Any CPU = Debug|Any CPU
		Release|Any CPU = Release|Any CPU
	EndGlobalSection
	GlobalSection(ProjectConfigurationPlatforms) = postSolution
		{45C0BA91-72C8-4EC1-9A9C-562F1064E32E}.Debug|Any CPU.ActiveCfg = Debug|Any CPU
		{45C0BA91-72C8-4EC1-9A9C-562F1064E32E}.Debug|Any CPU.Build.0 = Debug|Any CPU
		{45C0BA91-72C8-4EC1-9A9C-562F1064E32E}.Release|Any CPU.ActiveCfg = Release|Any CPU
		{45C0BA91-72C8-4EC1-9A9C-562F1064E32E}.Release|Any CPU.Build.0 = Release|Any CPU
	EndGlobalSection
	GlobalSection(SolutionProperties) = preSolution
		HideSolutionNode = FALSE
	EndGlobalSection
	GlobalSection(ExtensibilityGlobals) = postSolution
		SolutionGuid = {B11F6491-6D3A-4CC1-A4A5-50C205E225A3}
	EndGlobalSection
EndGlobal
