
Microsoft Visual Studio Solution File, Format Version 12.00
# Visual Studio Version 17
VisualStudioVersion = 17.3.32825.248
MinimumVisualStudioVersion = 10.0.40219.1
Project("{FAE04EC0-301F-11D3-BF4B-00C04F79EFBC}") = "ConsoleApp2", "ConsoleApp2.csproj", "{727B5FEA-DB24-4EB1-8CBA-1BC1BE9D7836}"
EndProject
Global
	GlobalSection(SolutionConfigurationPlatforms) = preSolution
		Debug|Any CPU = Debug|Any CPU
		Release|Any CPU = Release|Any CPU
	EndGlobalSection
	GlobalSection(ProjectConfigurationPlatforms) = postSolution
		{727B5FEA-DB24-4EB1-8CBA-1BC1BE9D7836}.Debug|Any CPU.ActiveCfg = Debug|Any CPU
		{727B5FEA-DB24-4EB1-8CBA-1BC1BE9D7836}.Debug|Any CPU.Build.0 = Debug|Any CPU
		{727B5FEA-DB24-4EB1-8CBA-1BC1BE9D7836}.Release|Any CPU.ActiveCfg = Release|Any CPU
		{727B5FEA-DB24-4EB1-8CBA-1BC1BE9D7836}.Release|Any CPU.Build.0 = Release|Any CPU
	EndGlobalSection
	GlobalSection(SolutionProperties) = preSolution
		HideSolutionNode = FALSE
	EndGlobalSection
	GlobalSection(ExtensibilityGlobals) = postSolution
		SolutionGuid = {EB4A873A-D359-46E8-871D-E91ABC720ECC}
	EndGlobalSection
EndGlobal
