
Microsoft Visual Studio Solution File, Format Version 12.00
# Visual Studio Version 17
VisualStudioVersion = 17.3.32825.248
MinimumVisualStudioVersion = 10.0.40219.1
Project("{FAE04EC0-301F-11D3-BF4B-00C04F79EFBC}") = "hafta2", "hafta2\hafta2.csproj", "{55CC24B7-CA28-4D43-8A1B-61402CDE3336}"
EndProject
Global
	GlobalSection(SolutionConfigurationPlatforms) = preSolution
		Debug|Any CPU = Debug|Any CPU
		Release|Any CPU = Release|Any CPU
	EndGlobalSection
	GlobalSection(ProjectConfigurationPlatforms) = postSolution
		{55CC24B7-CA28-4D43-8A1B-61402CDE3336}.Debug|Any CPU.ActiveCfg = Debug|Any CPU
		{55CC24B7-CA28-4D43-8A1B-61402CDE3336}.Debug|Any CPU.Build.0 = Debug|Any CPU
		{55CC24B7-CA28-4D43-8A1B-61402CDE3336}.Release|Any CPU.ActiveCfg = Release|Any CPU
		{55CC24B7-CA28-4D43-8A1B-61402CDE3336}.Release|Any CPU.Build.0 = Release|Any CPU
	EndGlobalSection
	GlobalSection(SolutionProperties) = preSolution
		HideSolutionNode = FALSE
	EndGlobalSection
	GlobalSection(ExtensibilityGlobals) = postSolution
		SolutionGuid = {1BEB0A23-3926-43B5-9BA0-97B460E3BD3B}
	EndGlobalSection
EndGlobal
